PODS:
  - PLVAliHttpDNS (1.10.0):
    - PLVAliHttpDNS/AlicloudHttpDNS (= 1.10.0)
    - PLVAliHttpDNS/AlicloudUtils (= 1.10.0)
    - PLVAliHttpDNS/UTDID (= 1.10.0)
  - PLVAliHttpDNS/AlicloudHttpDNS (1.10.0)
  - PLVAliHttpDNS/AlicloudUtils (1.10.0)
  - PLVAliHttpDNS/UTDID (1.10.0)
  - PLVIJKPlayer (0.11.1)
  - PLVMarquee (0.0.4)
  - PLVTimer (0.0.4)
  - PolyvVodSDK (2.16.6):
    - PolyvVodSDK/Core (= 2.16.6)
    - PolyvVodSDK/Player (= 2.16.6)
    - PolyvVodSDK/ThirdPart (= 2.16.6)
  - PolyvVodSDK/Core (2.16.6):
    - PLVMarquee (~> 0.0.4)
    - PLVTimer (~> 0.0.2)
  - PolyvVodSDK/Player (2.16.6):
    - PLVIJKPlayer (~> 0.11.1)
  - PolyvVodSDK/ThirdPart (2.16.6):
    - PLVAliHttpDNS (~> 1.10.0)
    - SSZipArchive (~> 2.1.5)
    - WCDB (~> 1.0.6)
  - SQLiteRepairKit (1.2.2):
    - WCDBOptimizedSQLCipher (~> 1.2.0)
  - SSZipArchive (2.1.5)
  - WCDB (1.0.7.5):
    - SQLiteRepairKit (~> 1.2.0)
    - WCDBOptimizedSQLCipher (~> 1.2.0)
  - WCDBOptimizedSQLCipher (1.2.1)

DEPENDENCIES:
  - PolyvVodSDK (~> 2.16.6)

SPEC REPOS:
  trunk:
    - PLVAliHttpDNS
    - PLVIJKPlayer
    - PLVMarquee
    - PLVTimer
    - PolyvVodSDK
    - SQLiteRepairKit
    - SSZipArchive
    - WCDB
    - WCDBOptimizedSQLCipher

SPEC CHECKSUMS:
  PLVAliHttpDNS: e968fff888b8e96e51828d76d571a9430367475f
  PLVIJKPlayer: 98235450b2400ecb08edf3532619822f1440b5fc
  PLVMarquee: 7b22d5a12868817642e0a71cf4aa5ccc285b8a22
  PLVTimer: 80d2d24d32bb2e9588d089fc25974ff778259ae1
  PolyvVodSDK: adeac875f8c8d8a56674f503102edff84b269b04
  SQLiteRepairKit: 35aaae5a8838adb85f5b1eb4d796055be6060a4b
  SSZipArchive: cefe1364104a0231268a5deb8495bdf2861f52f0
  WCDB: 8e90babdeb7784c569353a4bd22a66c0a175a882
  WCDBOptimizedSQLCipher: baf44493b0c7a3d49e97bc5b64a3856f6428ddd1

PODFILE CHECKSUM: 248c73760c10a8d529225c469b7aca4dae7668dd

COCOAPODS: 1.10.1
